// !$*UTF8*$!
{
	archiveVersion = 1;
	classes = {
	};
	objectVersion = 46;
	objects = {

/* Begin PBXBuildFile section */
		03FD650A21B99DF347767DC8 /* Pods_InTests.framework in Frameworks */ = {isa = PBXBuildFile; fileRef = C7D4A8461DA762CE50BBBF34 /* Pods_InTests.framework */; };
		094144451CB01B6000944F69 /* ConversationViewController.swift in Sources */ = {isa = PBXBuildFile; fileRef = 094144441CB01B6000944F69 /* ConversationViewController.swift */; };
		094144471CB01F4200944F69 /* NewConversationViewController.swift in Sources */ = {isa = PBXBuildFile; fileRef = 094144461CB01F4200944F69 /* NewConversationViewController.swift */; };
		095222D71CB2C0DB00F2A713 /* ConversationTableViewCell.swift in Sources */ = {isa = PBXBuildFile; fileRef = 095222D61CB2C0DB00F2A713 /* ConversationTableViewCell.swift */; };
		097670BA1CB1725500D2C7AE /* ConversationTableViewController.swift in Sources */ = {isa = PBXBuildFile; fileRef = 097670B91CB1725500D2C7AE /* ConversationTableViewController.swift */; };
		097670C21CB1A56900D2C7AE /* SignUpViewController.swift in Sources */ = {isa = PBXBuildFile; fileRef = 097670C11CB1A56900D2C7AE /* SignUpViewController.swift */; };
		098EF17C1CB1609900471087 /* SearchContactViewController.swift in Sources */ = {isa = PBXBuildFile; fileRef = 098EF17B1CB1609900471087 /* SearchContactViewController.swift */; };
		098EF17E1CB160AC00471087 /* AddUpdateContactViewController.swift in Sources */ = {isa = PBXBuildFile; fileRef = 098EF17D1CB160AC00471087 /* AddUpdateContactViewController.swift */; };
		098EF1801CB160B500471087 /* ContactsViewController.swift in Sources */ = {isa = PBXBuildFile; fileRef = 098EF17F1CB160B500471087 /* ContactsViewController.swift */; };
		098EF1841CB1649600471087 /* ConversationTableCellController.swift in Sources */ = {isa = PBXBuildFile; fileRef = 098EF1831CB1649600471087 /* ConversationTableCellController.swift */; };
		098EF1861CB16ACF00471087 /* Conversation.swift in Sources */ = {isa = PBXBuildFile; fileRef = 098EF1851CB16ACF00471087 /* Conversation.swift */; };
		098EF18A1CB16E1100471087 /* Message.swift in Sources */ = {isa = PBXBuildFile; fileRef = 098EF1891CB16E1100471087 /* Message.swift */; };
		098EF18C1CB16E1800471087 /* User.swift in Sources */ = {isa = PBXBuildFile; fileRef = 098EF18B1CB16E1800471087 /* User.swift */; };
		3CE17EAC3615BB6D99333A5E /* Pods_In.framework in Frameworks */ = {isa = PBXBuildFile; fileRef = 0515A9E3CAF26A4A72FE2BBF /* Pods_In.framework */; };
		8375EF8A59F82A5C1B0C612B /* Pods_InUITests.framework in Frameworks */ = {isa = PBXBuildFile; fileRef = 5796CB0F23E0E8CA73141D40 /* Pods_InUITests.framework */; };
		AD9A02351CAF3A1D008862AD /* AppDelegate.swift in Sources */ = {isa = PBXBuildFile; fileRef = AD9A02341CAF3A1D008862AD /* AppDelegate.swift */; };
		AD9A02371CAF3A1D008862AD /* ViewController.swift in Sources */ = {isa = PBXBuildFile; fileRef = AD9A02361CAF3A1D008862AD /* ViewController.swift */; };
		AD9A023A1CAF3A1D008862AD /* Main.storyboard in Resources */ = {isa = PBXBuildFile; fileRef = AD9A02381CAF3A1D008862AD /* Main.storyboard */; };
		AD9A023C1CAF3A1D008862AD /* Assets.xcassets in Resources */ = {isa = PBXBuildFile; fileRef = AD9A023B1CAF3A1D008862AD /* Assets.xcassets */; };
		AD9A023F1CAF3A1D008862AD /* LaunchScreen.storyboard in Resources */ = {isa = PBXBuildFile; fileRef = AD9A023D1CAF3A1D008862AD /* LaunchScreen.storyboard */; };
		AD9A024A1CAF3A1E008862AD /* InTests.swift in Sources */ = {isa = PBXBuildFile; fileRef = AD9A02491CAF3A1E008862AD /* InTests.swift */; };
		AD9A02551CAF3A1E008862AD /* InUITests.swift in Sources */ = {isa = PBXBuildFile; fileRef = AD9A02541CAF3A1E008862AD /* InUITests.swift */; };
/* End PBXBuildFile section */

/* Begin PBXContainerItemProxy section */
		AD9A02461CAF3A1E008862AD /* PBXContainerItemProxy */ = {
			isa = PBXContainerItemProxy;
			containerPortal = AD9A02291CAF3A1D008862AD /* Project object */;
			proxyType = 1;
			remoteGlobalIDString = AD9A02301CAF3A1D008862AD;
			remoteInfo = In;
		};
		AD9A02511CAF3A1E008862AD /* PBXContainerItemProxy */ = {
			isa = PBXContainerItemProxy;
			containerPortal = AD9A02291CAF3A1D008862AD /* Project object */;
			proxyType = 1;
			remoteGlobalIDString = AD9A02301CAF3A1D008862AD;
			remoteInfo = In;
		};
/* End PBXContainerItemProxy section */

/* Begin PBXFileReference section */
		0515A9E3CAF26A4A72FE2BBF /* Pods_In.framework */ = {isa = PBXFileReference; explicitFileType = wrapper.framework; includeInIndex = 0; path = Pods_In.framework; sourceTree = BUILT_PRODUCTS_DIR; };
		094144441CB01B6000944F69 /* ConversationViewController.swift */ = {isa = PBXFileReference; fileEncoding = 4; lastKnownFileType = sourcecode.swift; path = ConversationViewController.swift; sourceTree = "<group>"; };
		094144461CB01F4200944F69 /* NewConversationViewController.swift */ = {isa = PBXFileReference; fileEncoding = 4; lastKnownFileType = sourcecode.swift; path = NewConversationViewController.swift; sourceTree = "<group>"; };
		095222D61CB2C0DB00F2A713 /* ConversationTableViewCell.swift */ = {isa = PBXFileReference; fileEncoding = 4; lastKnownFileType = sourcecode.swift; path = ConversationTableViewCell.swift; sourceTree = "<group>"; };
		097670B91CB1725500D2C7AE /* ConversationTableViewController.swift */ = {isa = PBXFileReference; fileEncoding = 4; lastKnownFileType = sourcecode.swift; path = ConversationTableViewController.swift; sourceTree = "<group>"; };
		097670C11CB1A56900D2C7AE /* SignUpViewController.swift */ = {isa = PBXFileReference; fileEncoding = 4; lastKnownFileType = sourcecode.swift; path = SignUpViewController.swift; sourceTree = "<group>"; };
		098EF17B1CB1609900471087 /* SearchContactViewController.swift */ = {isa = PBXFileReference; fileEncoding = 4; lastKnownFileType = sourcecode.swift; path = SearchContactViewController.swift; sourceTree = "<group>"; };
		098EF17D1CB160AC00471087 /* AddUpdateContactViewController.swift */ = {isa = PBXFileReference; fileEncoding = 4; lastKnownFileType = sourcecode.swift; path = AddUpdateContactViewController.swift; sourceTree = "<group>"; };
		098EF17F1CB160B500471087 /* ContactsViewController.swift */ = {isa = PBXFileReference; fileEncoding = 4; lastKnownFileType = sourcecode.swift; path = ContactsViewController.swift; sourceTree = "<group>"; };
		098EF1831CB1649600471087 /* ConversationTableCellController.swift */ = {isa = PBXFileReference; fileEncoding = 4; lastKnownFileType = sourcecode.swift; path = ConversationTableCellController.swift; sourceTree = "<group>"; };
		098EF1851CB16ACF00471087 /* Conversation.swift */ = {isa = PBXFileReference; fileEncoding = 4; lastKnownFileType = sourcecode.swift; path = Conversation.swift; sourceTree = "<group>"; };
		098EF1891CB16E1100471087 /* Message.swift */ = {isa = PBXFileReference; fileEncoding = 4; lastKnownFileType = sourcecode.swift; path = Message.swift; sourceTree = "<group>"; };
		098EF18B1CB16E1800471087 /* User.swift */ = {isa = PBXFileReference; fileEncoding = 4; lastKnownFileType = sourcecode.swift; path = User.swift; sourceTree = "<group>"; };
		0F65CF0C2F7D886B1E4D7B1A /* Pods-In.debug.xcconfig */ = {isa = PBXFileReference; includeInIndex = 1; lastKnownFileType = text.xcconfig; name = "Pods-In.debug.xcconfig"; path = "Pods/Target Support Files/Pods-In/Pods-In.debug.xcconfig"; sourceTree = "<group>"; };
		55C392DD18B8A1AE16857313 /* Pods-InUITests.debug.xcconfig */ = {isa = PBXFileReference; includeInIndex = 1; lastKnownFileType = text.xcconfig; name = "Pods-InUITests.debug.xcconfig"; path = "Pods/Target Support Files/Pods-InUITests/Pods-InUITests.debug.xcconfig"; sourceTree = "<group>"; };
		5796CB0F23E0E8CA73141D40 /* Pods_InUITests.framework */ = {isa = PBXFileReference; explicitFileType = wrapper.framework; includeInIndex = 0; path = Pods_InUITests.framework; sourceTree = BUILT_PRODUCTS_DIR; };
		77FBB2D2196B2F78317D6881 /* Pods-InUITests.release.xcconfig */ = {isa = PBXFileReference; includeInIndex = 1; lastKnownFileType = text.xcconfig; name = "Pods-InUITests.release.xcconfig"; path = "Pods/Target Support Files/Pods-InUITests/Pods-InUITests.release.xcconfig"; sourceTree = "<group>"; };
		97C078F7A5F3D2225AA30394 /* Pods-InTests.release.xcconfig */ = {isa = PBXFileReference; includeInIndex = 1; lastKnownFileType = text.xcconfig; name = "Pods-InTests.release.xcconfig"; path = "Pods/Target Support Files/Pods-InTests/Pods-InTests.release.xcconfig"; sourceTree = "<group>"; };
		97C50AEE745854714796D439 /* Pods-InTests.debug.xcconfig */ = {isa = PBXFileReference; includeInIndex = 1; lastKnownFileType = text.xcconfig; name = "Pods-InTests.debug.xcconfig"; path = "Pods/Target Support Files/Pods-InTests/Pods-InTests.debug.xcconfig"; sourceTree = "<group>"; };
		AD9A02311CAF3A1D008862AD /* In.app */ = {isa = PBXFileReference; explicitFileType = wrapper.application; includeInIndex = 0; path = In.app; sourceTree = BUILT_PRODUCTS_DIR; };
		AD9A02341CAF3A1D008862AD /* AppDelegate.swift */ = {isa = PBXFileReference; lastKnownFileType = sourcecode.swift; path = AppDelegate.swift; sourceTree = "<group>"; };
		AD9A02361CAF3A1D008862AD /* ViewController.swift */ = {isa = PBXFileReference; lastKnownFileType = sourcecode.swift; path = ViewController.swift; sourceTree = "<group>"; };
		AD9A02391CAF3A1D008862AD /* Base */ = {isa = PBXFileReference; lastKnownFileType = file.storyboard; name = Base; path = Base.lproj/Main.storyboard; sourceTree = "<group>"; };
		AD9A023B1CAF3A1D008862AD /* Assets.xcassets */ = {isa = PBXFileReference; lastKnownFileType = folder.assetcatalog; path = Assets.xcassets; sourceTree = "<group>"; };
		AD9A023E1CAF3A1D008862AD /* Base */ = {isa = PBXFileReference; lastKnownFileType = file.storyboard; name = Base; path = Base.lproj/LaunchScreen.storyboard; sourceTree = "<group>"; };
		AD9A02401CAF3A1D008862AD /* Info.plist */ = {isa = PBXFileReference; lastKnownFileType = text.plist.xml; path = Info.plist; sourceTree = "<group>"; };
		AD9A02451CAF3A1E008862AD /* InTests.xctest */ = {isa = PBXFileReference; explicitFileType = wrapper.cfbundle; includeInIndex = 0; path = InTests.xctest; sourceTree = BUILT_PRODUCTS_DIR; };
		AD9A02491CAF3A1E008862AD /* InTests.swift */ = {isa = PBXFileReference; lastKnownFileType = sourcecode.swift; path = InTests.swift; sourceTree = "<group>"; };
		AD9A024B1CAF3A1E008862AD /* Info.plist */ = {isa = PBXFileReference; lastKnownFileType = text.plist.xml; path = Info.plist; sourceTree = "<group>"; };
		AD9A02501CAF3A1E008862AD /* InUITests.xctest */ = {isa = PBXFileReference; explicitFileType = wrapper.cfbundle; includeInIndex = 0; path = InUITests.xctest; sourceTree = BUILT_PRODUCTS_DIR; };
		AD9A02541CAF3A1E008862AD /* InUITests.swift */ = {isa = PBXFileReference; lastKnownFileType = sourcecode.swift; path = InUITests.swift; sourceTree = "<group>"; };
		AD9A02561CAF3A1E008862AD /* Info.plist */ = {isa = PBXFileReference; lastKnownFileType = text.plist.xml; path = Info.plist; sourceTree = "<group>"; };
		C7D4A8461DA762CE50BBBF34 /* Pods_InTests.framework */ = {isa = PBXFileReference; explicitFileType = wrapper.framework; includeInIndex = 0; path = Pods_InTests.framework; sourceTree = BUILT_PRODUCTS_DIR; };
		EDD83D93949D4978CC6A2C72 /* Pods-In.release.xcconfig */ = {isa = PBXFileReference; includeInIndex = 1; lastKnownFileType = text.xcconfig; name = "Pods-In.release.xcconfig"; path = "Pods/Target Support Files/Pods-In/Pods-In.release.xcconfig"; sourceTree = "<group>"; };
/* End PBXFileReference section */

/* Begin PBXFrameworksBuildPhase section */
		AD9A022E1CAF3A1D008862AD /* Frameworks */ = {
			isa = PBXFrameworksBuildPhase;
			buildActionMask = 2147483647;
			files = (
				3CE17EAC3615BB6D99333A5E /* Pods_In.framework in Frameworks */,
			);
			runOnlyForDeploymentPostprocessing = 0;
		};
		AD9A02421CAF3A1E008862AD /* Frameworks */ = {
			isa = PBXFrameworksBuildPhase;
			buildActionMask = 2147483647;
			files = (
				03FD650A21B99DF347767DC8 /* Pods_InTests.framework in Frameworks */,
			);
			runOnlyForDeploymentPostprocessing = 0;
		};
		AD9A024D1CAF3A1E008862AD /* Frameworks */ = {
			isa = PBXFrameworksBuildPhase;
			buildActionMask = 2147483647;
			files = (
				8375EF8A59F82A5C1B0C612B /* Pods_InUITests.framework in Frameworks */,
			);
			runOnlyForDeploymentPostprocessing = 0;
		};
/* End PBXFrameworksBuildPhase section */

/* Begin PBXGroup section */
		098EF1871CB16CEA00471087 /* Controllers */ = {
			isa = PBXGroup;
			children = (
				097670C11CB1A56900D2C7AE /* SignUpViewController.swift */,
				098EF17B1CB1609900471087 /* SearchContactViewController.swift */,
				098EF17D1CB160AC00471087 /* AddUpdateContactViewController.swift */,
				097670B91CB1725500D2C7AE /* ConversationTableViewController.swift */,
				098EF17F1CB160B500471087 /* ContactsViewController.swift */,
				AD9A02361CAF3A1D008862AD /* ViewController.swift */,
				094144461CB01F4200944F69 /* NewConversationViewController.swift */,
				094144441CB01B6000944F69 /* ConversationViewController.swift */,
				098EF1831CB1649600471087 /* ConversationTableCellController.swift */,
			);
			name = Controllers;
			sourceTree = "<group>";
		};
		098EF1881CB16CFD00471087 /* Models */ = {
			isa = PBXGroup;
			children = (
				098EF1851CB16ACF00471087 /* Conversation.swift */,
				098EF1891CB16E1100471087 /* Message.swift */,
				098EF18B1CB16E1800471087 /* User.swift */,
			);
			name = Models;
			sourceTree = "<group>";
		};
		3EE064323CDCF1C2C8CDDC29 /* Pods */ = {
			isa = PBXGroup;
			children = (
				0F65CF0C2F7D886B1E4D7B1A /* Pods-In.debug.xcconfig */,
				EDD83D93949D4978CC6A2C72 /* Pods-In.release.xcconfig */,
				97C50AEE745854714796D439 /* Pods-InTests.debug.xcconfig */,
				97C078F7A5F3D2225AA30394 /* Pods-InTests.release.xcconfig */,
				55C392DD18B8A1AE16857313 /* Pods-InUITests.debug.xcconfig */,
				77FBB2D2196B2F78317D6881 /* Pods-InUITests.release.xcconfig */,
			);
			name = Pods;
			sourceTree = "<group>";
		};
		5E4C487BD06BB47E636BCEF4 /* Frameworks */ = {
			isa = PBXGroup;
			children = (
				0515A9E3CAF26A4A72FE2BBF /* Pods_In.framework */,
				C7D4A8461DA762CE50BBBF34 /* Pods_InTests.framework */,
				5796CB0F23E0E8CA73141D40 /* Pods_InUITests.framework */,
			);
			name = Frameworks;
			sourceTree = "<group>";
		};
		AD9A02281CAF3A1D008862AD = {
			isa = PBXGroup;
			children = (
				AD9A02331CAF3A1D008862AD /* In */,
				AD9A02481CAF3A1E008862AD /* InTests */,
				AD9A02531CAF3A1E008862AD /* InUITests */,
				AD9A02321CAF3A1D008862AD /* Products */,
				3EE064323CDCF1C2C8CDDC29 /* Pods */,
				5E4C487BD06BB47E636BCEF4 /* Frameworks */,
			);
			sourceTree = "<group>";
		};
		AD9A02321CAF3A1D008862AD /* Products */ = {
			isa = PBXGroup;
			children = (
				AD9A02311CAF3A1D008862AD /* In.app */,
				AD9A02451CAF3A1E008862AD /* InTests.xctest */,
				AD9A02501CAF3A1E008862AD /* InUITests.xctest */,
			);
			name = Products;
			sourceTree = "<group>";
		};
		AD9A02331CAF3A1D008862AD /* In */ = {
			isa = PBXGroup;
			children = (
				098EF1871CB16CEA00471087 /* Controllers */,
				AD9A02341CAF3A1D008862AD /* AppDelegate.swift */,
				AD9A02381CAF3A1D008862AD /* Main.storyboard */,
				095222D61CB2C0DB00F2A713 /* ConversationTableViewCell.swift */,
				098EF1881CB16CFD00471087 /* Models */,
				AD9A023B1CAF3A1D008862AD /* Assets.xcassets */,
				AD9A023D1CAF3A1D008862AD /* LaunchScreen.storyboard */,
				AD9A02401CAF3A1D008862AD /* Info.plist */,
			);
			path = In;
			sourceTree = "<group>";
		};
		AD9A02481CAF3A1E008862AD /* InTests */ = {
			isa = PBXGroup;
			children = (
				AD9A02491CAF3A1E008862AD /* InTests.swift */,
				AD9A024B1CAF3A1E008862AD /* Info.plist */,
			);
			path = InTests;
			sourceTree = "<group>";
		};
		AD9A02531CAF3A1E008862AD /* InUITests */ = {
			isa = PBXGroup;
			children = (
				AD9A02541CAF3A1E008862AD /* InUITests.swift */,
				AD9A02561CAF3A1E008862AD /* Info.plist */,
			);
			path = InUITests;
			sourceTree = "<group>";
		};
/* End PBXGroup section */

/* Begin PBXNativeTarget section */
		AD9A02301CAF3A1D008862AD /* In */ = {
			isa = PBXNativeTarget;
			buildConfigurationList = AD9A02591CAF3A1E008862AD /* Build configuration list for PBXNativeTarget "In" */;
			buildPhases = (
				7B6E706158BEE05B85DDCAAA /* 📦 Check Pods Manifest.lock */,
				AD9A022D1CAF3A1D008862AD /* Sources */,
				AD9A022E1CAF3A1D008862AD /* Frameworks */,
				AD9A022F1CAF3A1D008862AD /* Resources */,
				C97771DBEEF23E99BF2B6DBB /* 📦 Embed Pods Frameworks */,
				826CEE7790E6D3BD90D96EB2 /* 📦 Copy Pods Resources */,
				2D8B9FD774C20E2AE5A3545B /* Embed Pods Frameworks */,
			);
			buildRules = (
			);
			dependencies = (
			);
			name = In;
			productName = In;
			productReference = AD9A02311CAF3A1D008862AD /* In.app */;
			productType = "com.apple.product-type.application";
		};
		AD9A02441CAF3A1E008862AD /* InTests */ = {
			isa = PBXNativeTarget;
			buildConfigurationList = AD9A025C1CAF3A1E008862AD /* Build configuration list for PBXNativeTarget "InTests" */;
			buildPhases = (
				0D314AD2EE7FCC2331E02A8E /* 📦 Check Pods Manifest.lock */,
				AD9A02411CAF3A1E008862AD /* Sources */,
				AD9A02421CAF3A1E008862AD /* Frameworks */,
				AD9A02431CAF3A1E008862AD /* Resources */,
				C0B1D50863312FFE3CED408D /* 📦 Embed Pods Frameworks */,
				9D21D4F695A39F27E514EC2E /* 📦 Copy Pods Resources */,
			);
			buildRules = (
			);
			dependencies = (
				AD9A02471CAF3A1E008862AD /* PBXTargetDependency */,
			);
			name = InTests;
			productName = InTests;
			productReference = AD9A02451CAF3A1E008862AD /* InTests.xctest */;
			productType = "com.apple.product-type.bundle.unit-test";
		};
		AD9A024F1CAF3A1E008862AD /* InUITests */ = {
			isa = PBXNativeTarget;
			buildConfigurationList = AD9A025F1CAF3A1E008862AD /* Build configuration list for PBXNativeTarget "InUITests" */;
			buildPhases = (
				987E1922164FA8AD55EC872E /* 📦 Check Pods Manifest.lock */,
				AD9A024C1CAF3A1E008862AD /* Sources */,
				AD9A024D1CAF3A1E008862AD /* Frameworks */,
				AD9A024E1CAF3A1E008862AD /* Resources */,
				EC8E797CDEEA4A3438467A38 /* 📦 Copy Pods Resources */,
			);
			buildRules = (
			);
			dependencies = (
				AD9A02521CAF3A1E008862AD /* PBXTargetDependency */,
			);
			name = InUITests;
			productName = InUITests;
			productReference = AD9A02501CAF3A1E008862AD /* InUITests.xctest */;
			productType = "com.apple.product-type.bundle.ui-testing";
		};
/* End PBXNativeTarget section */

/* Begin PBXProject section */
		AD9A02291CAF3A1D008862AD /* Project object */ = {
			isa = PBXProject;
			attributes = {
				LastSwiftUpdateCheck = 0730;
				LastUpgradeCheck = 0730;
				ORGANIZATIONNAME = "Ryan F. Salerno";
				TargetAttributes = {
					AD9A02301CAF3A1D008862AD = {
						CreatedOnToolsVersion = 7.3;
						DevelopmentTeam = 75WU2H6DRC;
						SystemCapabilities = {
							com.apple.Push = {
								enabled = 1;
							};
						};
					};
					AD9A02441CAF3A1E008862AD = {
						CreatedOnToolsVersion = 7.3;
						TestTargetID = AD9A02301CAF3A1D008862AD;
					};
					AD9A024F1CAF3A1E008862AD = {
						CreatedOnToolsVersion = 7.3;
						TestTargetID = AD9A02301CAF3A1D008862AD;
					};
				};
			};
			buildConfigurationList = AD9A022C1CAF3A1D008862AD /* Build configuration list for PBXProject "In" */;
			compatibilityVersion = "Xcode 3.2";
			developmentRegion = English;
			hasScannedForEncodings = 0;
			knownRegions = (
				en,
				Base,
			);
			mainGroup = AD9A02281CAF3A1D008862AD;
			productRefGroup = AD9A02321CAF3A1D008862AD /* Products */;
			projectDirPath = "";
			projectRoot = "";
			targets = (
				AD9A02301CAF3A1D008862AD /* In */,
				AD9A02441CAF3A1E008862AD /* InTests */,
				AD9A024F1CAF3A1E008862AD /* InUITests */,
			);
		};
/* End PBXProject section */

/* Begin PBXResourcesBuildPhase section */
		AD9A022F1CAF3A1D008862AD /* Resources */ = {
			isa = PBXResourcesBuildPhase;
			buildActionMask = 2147483647;
			files = (
				AD9A023F1CAF3A1D008862AD /* LaunchScreen.storyboard in Resources */,
				AD9A023C1CAF3A1D008862AD /* Assets.xcassets in Resources */,
				AD9A023A1CAF3A1D008862AD /* Main.storyboard in Resources */,
			);
			runOnlyForDeploymentPostprocessing = 0;
		};
		AD9A02431CAF3A1E008862AD /* Resources */ = {
			isa = PBXResourcesBuildPhase;
			buildActionMask = 2147483647;
			files = (
			);
			runOnlyForDeploymentPostprocessing = 0;
		};
		AD9A024E1CAF3A1E008862AD /* Resources */ = {
			isa = PBXResourcesBuildPhase;
			buildActionMask = 2147483647;
			files = (
			);
			runOnlyForDeploymentPostprocessing = 0;
		};
/* End PBXResourcesBuildPhase section */

/* Begin PBXShellScriptBuildPhase section */
		0D314AD2EE7FCC2331E02A8E /* 📦 Check Pods Manifest.lock */ = {
			isa = PBXShellScriptBuildPhase;
			buildActionMask = 2147483647;
			files = (
			);
			inputPaths = (
			);
			name = "📦 Check Pods Manifest.lock";
			outputPaths = (
			);
			runOnlyForDeploymentPostprocessing = 0;
			shellPath = /bin/sh;
			shellScript = "diff \"${PODS_ROOT}/../Podfile.lock\" \"${PODS_ROOT}/Manifest.lock\" > /dev/null\nif [[ $? != 0 ]] ; then\n    cat << EOM\nerror: The sandbox is not in sync with the Podfile.lock. Run 'pod install' or update your CocoaPods installation.\nEOM\n    exit 1\nfi\n";
			showEnvVarsInLog = 0;
		};
		2D8B9FD774C20E2AE5A3545B /* Embed Pods Frameworks */ = {
			isa = PBXShellScriptBuildPhase;
			buildActionMask = 2147483647;
			files = (
			);
			inputPaths = (
			);
			name = "Embed Pods Frameworks";
			outputPaths = (
			);
			runOnlyForDeploymentPostprocessing = 0;
			shellPath = /bin/sh;
			shellScript = "\"${SRCROOT}/Pods/Target Support Files/Pods-In/Pods-In-frameworks.sh\"\n";
			showEnvVarsInLog = 0;
		};
		7B6E706158BEE05B85DDCAAA /* 📦 Check Pods Manifest.lock */ = {
			isa = PBXShellScriptBuildPhase;
			buildActionMask = 2147483647;
			files = (
			);
			inputPaths = (
			);
			name = "📦 Check Pods Manifest.lock";
			outputPaths = (
			);
			runOnlyForDeploymentPostprocessing = 0;
			shellPath = /bin/sh;
			shellScript = "diff \"${PODS_ROOT}/../Podfile.lock\" \"${PODS_ROOT}/Manifest.lock\" > /dev/null\nif [[ $? != 0 ]] ; then\n    cat << EOM\nerror: The sandbox is not in sync with the Podfile.lock. Run 'pod install' or update your CocoaPods installation.\nEOM\n    exit 1\nfi\n";
			showEnvVarsInLog = 0;
		};
		826CEE7790E6D3BD90D96EB2 /* 📦 Copy Pods Resources */ = {
			isa = PBXShellScriptBuildPhase;
			buildActionMask = 2147483647;
			files = (
			);
			inputPaths = (
			);
			name = "📦 Copy Pods Resources";
			outputPaths = (
			);
			runOnlyForDeploymentPostprocessing = 0;
			shellPath = /bin/sh;
			shellScript = "\"${SRCROOT}/Pods/Target Support Files/Pods-In/Pods-In-resources.sh\"\n";
			showEnvVarsInLog = 0;
		};
		987E1922164FA8AD55EC872E /* 📦 Check Pods Manifest.lock */ = {
			isa = PBXShellScriptBuildPhase;
			buildActionMask = 2147483647;
			files = (
			);
			inputPaths = (
			);
			name = "📦 Check Pods Manifest.lock";
			outputPaths = (
			);
			runOnlyForDeploymentPostprocessing = 0;
			shellPath = /bin/sh;
			shellScript = "diff \"${PODS_ROOT}/../Podfile.lock\" \"${PODS_ROOT}/Manifest.lock\" > /dev/null\nif [[ $? != 0 ]] ; then\n    cat << EOM\nerror: The sandbox is not in sync with the Podfile.lock. Run 'pod install' or update your CocoaPods installation.\nEOM\n    exit 1\nfi\n";
			showEnvVarsInLog = 0;
		};
		9D21D4F695A39F27E514EC2E /* 📦 Copy Pods Resources */ = {
			isa = PBXShellScriptBuildPhase;
			buildActionMask = 2147483647;
			files = (
			);
			inputPaths = (
			);
			name = "📦 Copy Pods Resources";
			outputPaths = (
			);
			runOnlyForDeploymentPostprocessing = 0;
			shellPath = /bin/sh;
			shellScript = "\"${SRCROOT}/Pods/Target Support Files/Pods-InTests/Pods-InTests-resources.sh\"\n";
			showEnvVarsInLog = 0;
		};
		C0B1D50863312FFE3CED408D /* 📦 Embed Pods Frameworks */ = {
			isa = PBXShellScriptBuildPhase;
			buildActionMask = 2147483647;
			files = (
			);
			inputPaths = (
			);
			name = "📦 Embed Pods Frameworks";
			outputPaths = (
			);
			runOnlyForDeploymentPostprocessing = 0;
			shellPath = /bin/sh;
			shellScript = "\"${SRCROOT}/Pods/Target Support Files/Pods-InTests/Pods-InTests-frameworks.sh\"\n";
			showEnvVarsInLog = 0;
		};
		C97771DBEEF23E99BF2B6DBB /* 📦 Embed Pods Frameworks */ = {
			isa = PBXShellScriptBuildPhase;
			buildActionMask = 2147483647;
			files = (
			);
			inputPaths = (
			);
			name = "📦 Embed Pods Frameworks";
			outputPaths = (
			);
			runOnlyForDeploymentPostprocessing = 0;
			shellPath = /bin/sh;
			shellScript = "\"${SRCROOT}/Pods/Target Support Files/Pods-In/Pods-In-frameworks.sh\"\n";
			showEnvVarsInLog = 0;
		};
		EC8E797CDEEA4A3438467A38 /* 📦 Copy Pods Resources */ = {
			isa = PBXShellScriptBuildPhase;
			buildActionMask = 2147483647;
			files = (
			);
			inputPaths = (
			);
			name = "📦 Copy Pods Resources";
			outputPaths = (
			);
			runOnlyForDeploymentPostprocessing = 0;
			shellPath = /bin/sh;
			shellScript = "\"${SRCROOT}/Pods/Target Support Files/Pods-InUITests/Pods-InUITests-resources.sh\"\n";
			showEnvVarsInLog = 0;
		};
/* End PBXShellScriptBuildPhase section */

/* Begin PBXSourcesBuildPhase section */
		AD9A022D1CAF3A1D008862AD /* Sources */ = {
			isa = PBXSourcesBuildPhase;
			buildActionMask = 2147483647;
			files = (
				098EF17E1CB160AC00471087 /* AddUpdateContactViewController.swift in Sources */,
				AD9A02371CAF3A1D008862AD /* ViewController.swift in Sources */,
				098EF17C1CB1609900471087 /* SearchContactViewController.swift in Sources */,
				097670BA1CB1725500D2C7AE /* ConversationTableViewController.swift in Sources */,
				098EF1841CB1649600471087 /* ConversationTableCellController.swift in Sources */,
				AD9A02351CAF3A1D008862AD /* AppDelegate.swift in Sources */,
				094144451CB01B6000944F69 /* ConversationViewController.swift in Sources */,
				098EF18A1CB16E1100471087 /* Message.swift in Sources */,
				097670C21CB1A56900D2C7AE /* SignUpViewController.swift in Sources */,
				098EF1801CB160B500471087 /* ContactsViewController.swift in Sources */,
				098EF18C1CB16E1800471087 /* User.swift in Sources */,
				094144471CB01F4200944F69 /* NewConversationViewController.swift in Sources */,
				098EF1861CB16ACF00471087 /* Conversation.swift in Sources */,
				095222D71CB2C0DB00F2A713 /* ConversationTableViewCell.swift in Sources */,
			);
			runOnlyForDeploymentPostprocessing = 0;
		};
		AD9A02411CAF3A1E008862AD /* Sources */ = {
			isa = PBXSourcesBuildPhase;
			buildActionMask = 2147483647;
			files = (
				AD9A024A1CAF3A1E008862AD /* InTests.swift in Sources */,
			);
			runOnlyForDeploymentPostprocessing = 0;
		};
		AD9A024C1CAF3A1E008862AD /* Sources */ = {
			isa = PBXSourcesBuildPhase;
			buildActionMask = 2147483647;
			files = (
				AD9A02551CAF3A1E008862AD /* InUITests.swift in Sources */,
			);
			runOnlyForDeploymentPostprocessing = 0;
		};
/* End PBXSourcesBuildPhase section */

/* Begin PBXTargetDependency section */
		AD9A02471CAF3A1E008862AD /* PBXTargetDependency */ = {
			isa = PBXTargetDependency;
			target = AD9A02301CAF3A1D008862AD /* In */;
			targetProxy = AD9A02461CAF3A1E008862AD /* PBXContainerItemProxy */;
		};
		AD9A02521CAF3A1E008862AD /* PBXTargetDependency */ = {
			isa = PBXTargetDependency;
			target = AD9A02301CAF3A1D008862AD /* In */;
			targetProxy = AD9A02511CAF3A1E008862AD /* PBXContainerItemProxy */;
		};
/* End PBXTargetDependency section */

/* Begin PBXVariantGroup section */
		AD9A02381CAF3A1D008862AD /* Main.storyboard */ = {
			isa = PBXVariantGroup;
			children = (
				AD9A02391CAF3A1D008862AD /* Base */,
			);
			name = Main.storyboard;
			sourceTree = "<group>";
		};
		AD9A023D1CAF3A1D008862AD /* LaunchScreen.storyboard */ = {
			isa = PBXVariantGroup;
			children = (
				AD9A023E1CAF3A1D008862AD /* Base */,
			);
			name = LaunchScreen.storyboard;
			sourceTree = "<group>";
		};
/* End PBXVariantGroup section */

/* Begin XCBuildConfiguration section */
		AD9A02571CAF3A1E008862AD /* Debug */ = {
			isa = XCBuildConfiguration;
			buildSettings = {
				ALWAYS_SEARCH_USER_PATHS = NO;
				CLANG_ANALYZER_NONNULL = YES;
				CLANG_CXX_LANGUAGE_STANDARD = "gnu++0x";
				CLANG_CXX_LIBRARY = "libc++";
				CLANG_ENABLE_MODULES = YES;
				CLANG_ENABLE_OBJC_ARC = YES;
				CLANG_WARN_BOOL_CONVERSION = YES;
				CLANG_WARN_CONSTANT_CONVERSION = YES;
				CLANG_WARN_DIRECT_OBJC_ISA_USAGE = YES_ERROR;
				CLANG_WARN_EMPTY_BODY = YES;
				CLANG_WARN_ENUM_CONVERSION = YES;
				CLANG_WARN_INT_CONVERSION = YES;
				CLANG_WARN_OBJC_ROOT_CLASS = YES_ERROR;
				CLANG_WARN_UNREACHABLE_CODE = YES;
				CLANG_WARN__DUPLICATE_METHOD_MATCH = YES;
				CODE_SIGN_IDENTITY = "iPhone Developer: Peter Stratoudakis (298T96P785)";
				"CODE_SIGN_IDENTITY[sdk=iphoneos*]" = "iPhone Developer: Peter Stratoudakis (298T96P785)";
				COPY_PHASE_STRIP = NO;
				DEBUG_INFORMATION_FORMAT = dwarf;
				ENABLE_STRICT_OBJC_MSGSEND = YES;
				ENABLE_TESTABILITY = YES;
				GCC_C_LANGUAGE_STANDARD = gnu99;
				GCC_DYNAMIC_NO_PIC = NO;
				GCC_NO_COMMON_BLOCKS = YES;
				GCC_OPTIMIZATION_LEVEL = 0;
				GCC_PREPROCESSOR_DEFINITIONS = (
					"DEBUG=1",
					"$(inherited)",
				);
				GCC_WARN_64_TO_32_BIT_CONVERSION = YES;
				GCC_WARN_ABOUT_RETURN_TYPE = YES_ERROR;
				GCC_WARN_UNDECLARED_SELECTOR = YES;
				GCC_WARN_UNINITIALIZED_AUTOS = YES_AGGRESSIVE;
				GCC_WARN_UNUSED_FUNCTION = YES;
				GCC_WARN_UNUSED_VARIABLE = YES;
				IPHONEOS_DEPLOYMENT_TARGET = 9.3;
				MTL_ENABLE_DEBUG_INFO = YES;
				ONLY_ACTIVE_ARCH = YES;
				PROVISIONING_PROFILE = "76ab3d75-f91b-4262-b308-23212720b937";
				SDKROOT = iphoneos;
				SWIFT_OPTIMIZATION_LEVEL = "-Onone";
			};
			name = Debug;
		};
		AD9A02581CAF3A1E008862AD /* Release */ = {
			isa = XCBuildConfiguration;
			buildSettings = {
				ALWAYS_SEARCH_USER_PATHS = NO;
				CLANG_ANALYZER_NONNULL = YES;
				CLANG_CXX_LANGUAGE_STANDARD = "gnu++0x";
				CLANG_CXX_LIBRARY = "libc++";
				CLANG_ENABLE_MODULES = YES;
				CLANG_ENABLE_OBJC_ARC = YES;
				CLANG_WARN_BOOL_CONVERSION = YES;
				CLANG_WARN_CONSTANT_CONVERSION = YES;
				CLANG_WARN_DIRECT_OBJC_ISA_USAGE = YES_ERROR;
				CLANG_WARN_EMPTY_BODY = YES;
				CLANG_WARN_ENUM_CONVERSION = YES;
				CLANG_WARN_INT_CONVERSION = YES;
				CLANG_WARN_OBJC_ROOT_CLASS = YES_ERROR;
				CLANG_WARN_UNREACHABLE_CODE = YES;
				CLANG_WARN__DUPLICATE_METHOD_MATCH = YES;
				"CODE_SIGN_IDENTITY[sdk=iphoneos*]" = "iPhone Developer";
				COPY_PHASE_STRIP = NO;
				DEBUG_INFORMATION_FORMAT = "dwarf-with-dsym";
				ENABLE_NS_ASSERTIONS = NO;
				ENABLE_STRICT_OBJC_MSGSEND = YES;
				GCC_C_LANGUAGE_STANDARD = gnu99;
				GCC_NO_COMMON_BLOCKS = YES;
				GCC_WARN_64_TO_32_BIT_CONVERSION = YES;
				GCC_WARN_ABOUT_RETURN_TYPE = YES_ERROR;
				GCC_WARN_UNDECLARED_SELECTOR = YES;
				GCC_WARN_UNINITIALIZED_AUTOS = YES_AGGRESSIVE;
				GCC_WARN_UNUSED_FUNCTION = YES;
				GCC_WARN_UNUSED_VARIABLE = YES;
				IPHONEOS_DEPLOYMENT_TARGET = 9.3;
				MTL_ENABLE_DEBUG_INFO = NO;
				SDKROOT = iphoneos;
				VALIDATE_PRODUCT = YES;
			};
			name = Release;
		};
		AD9A025A1CAF3A1E008862AD /* Debug */ = {
			isa = XCBuildConfiguration;
			baseConfigurationReference = 0F65CF0C2F7D886B1E4D7B1A /* Pods-In.debug.xcconfig */;
			buildSettings = {
				ASSETCATALOG_COMPILER_APPICON_NAME = AppIcon;
				CODE_SIGN_IDENTITY = "iPhone Developer";
				"CODE_SIGN_IDENTITY[sdk=iphoneos*]" = "iPhone Developer";
				INFOPLIST_FILE = In/Info.plist;
				LD_RUNPATH_SEARCH_PATHS = "$(inherited) @executable_path/Frameworks";
				PRODUCT_BUNDLE_IDENTIFIER = inMessengerAppDBC;
				PRODUCT_NAME = "$(TARGET_NAME)";
				PROVISIONING_PROFILE = "";
			};
			name = Debug;
		};
		AD9A025B1CAF3A1E008862AD /* Release */ = {
			isa = XCBuildConfiguration;
			baseConfigurationReference = EDD83D93949D4978CC6A2C72 /* Pods-In.release.xcconfig */;
			buildSettings = {
				ASSETCATALOG_COMPILER_APPICON_NAME = AppIcon;
				CODE_SIGN_IDENTITY = "iPhone Developer";
				"CODE_SIGN_IDENTITY[sdk=iphoneos*]" = "iPhone Developer";
				INFOPLIST_FILE = In/Info.plist;
				LD_RUNPATH_SEARCH_PATHS = "$(inherited) @executable_path/Frameworks";
				PRODUCT_BUNDLE_IDENTIFIER = inMessengerAppDBC;
				PRODUCT_NAME = "$(TARGET_NAME)";
				PROVISIONING_PROFILE = "";
			};
			name = Release;
		};
		AD9A025D1CAF3A1E008862AD /* Debug */ = {
			isa = XCBuildConfiguration;
			baseConfigurationReference = 97C50AEE745854714796D439 /* Pods-InTests.debug.xcconfig */;
			buildSettings = {
				BUNDLE_LOADER = "$(TEST_HOST)";
				INFOPLIST_FILE = InTests/Info.plist;
				LD_RUNPATH_SEARCH_PATHS = "$(inherited) @executable_path/Frameworks @loader_path/Frameworks";
				PRODUCT_BUNDLE_IDENTIFIER = "Zack-Mance-Industries.InTests";
				PRODUCT_NAME = "$(TARGET_NAME)";
				TEST_HOST = "$(BUILT_PRODUCTS_DIR)/In.app/In";
			};
			name = Debug;
		};
		AD9A025E1CAF3A1E008862AD /* Release */ = {
			isa = XCBuildConfiguration;
			baseConfigurationReference = 97C078F7A5F3D2225AA30394 /* Pods-InTests.release.xcconfig */;
			buildSettings = {
				BUNDLE_LOADER = "$(TEST_HOST)";
				INFOPLIST_FILE = InTests/Info.plist;
				LD_RUNPATH_SEARCH_PATHS = "$(inherited) @executable_path/Frameworks @loader_path/Frameworks";
				PRODUCT_BUNDLE_IDENTIFIER = "Zack-Mance-Industries.InTests";
				PRODUCT_NAME = "$(TARGET_NAME)";
				TEST_HOST = "$(BUILT_PRODUCTS_DIR)/In.app/In";
			};
			name = Release;
		};
		AD9A02601CAF3A1E008862AD /* Debug */ = {
			isa = XCBuildConfiguration;
			baseConfigurationReference = 55C392DD18B8A1AE16857313 /* Pods-InUITests.debug.xcconfig */;
			buildSettings = {
				INFOPLIST_FILE = InUITests/Info.plist;
				LD_RUNPATH_SEARCH_PATHS = "$(inherited) @executable_path/Frameworks @loader_path/Frameworks";
				PRODUCT_BUNDLE_IDENTIFIER = "Zack-Mance-Industries.InUITests";
				PRODUCT_NAME = "$(TARGET_NAME)";
				TEST_TARGET_NAME = In;
			};
			name = Debug;
		};
		AD9A02611CAF3A1E008862AD /* Release */ = {
			isa = XCBuildConfiguration;
			baseConfigurationReference = 77FBB2D2196B2F78317D6881 /* Pods-InUITests.release.xcconfig */;
			buildSettings = {
				INFOPLIST_FILE = InUITests/Info.plist;
				LD_RUNPATH_SEARCH_PATHS = "$(inherited) @executable_path/Frameworks @loader_path/Frameworks";
				PRODUCT_BUNDLE_IDENTIFIER = "Zack-Mance-Industries.InUITests";
				PRODUCT_NAME = "$(TARGET_NAME)";
				TEST_TARGET_NAME = In;
			};
			name = Release;
		};
/* End XCBuildConfiguration section */

/* Begin XCConfigurationList section */
		AD9A022C1CAF3A1D008862AD /* Build configuration list for PBXProject "In" */ = {
			isa = XCConfigurationList;
			buildConfigurations = (
				AD9A02571CAF3A1E008862AD /* Debug */,
				AD9A02581CAF3A1E008862AD /* Release */,
			);
			defaultConfigurationIsVisible = 0;
			defaultConfigurationName = Release;
		};
		AD9A02591CAF3A1E008862AD /* Build configuration list for PBXNativeTarget "In" */ = {
			isa = XCConfigurationList;
			buildConfigurations = (
				AD9A025A1CAF3A1E008862AD /* Debug */,
				AD9A025B1CAF3A1E008862AD /* Release */,
			);
			defaultConfigurationIsVisible = 0;
			defaultConfigurationName = Release;
		};
		AD9A025C1CAF3A1E008862AD /* Build configuration list for PBXNativeTarget "InTests" */ = {
			isa = XCConfigurationList;
			buildConfigurations = (
				AD9A025D1CAF3A1E008862AD /* Debug */,
				AD9A025E1CAF3A1E008862AD /* Release */,
			);
			defaultConfigurationIsVisible = 0;
			defaultConfigurationName = Release;
		};
		AD9A025F1CAF3A1E008862AD /* Build configuration list for PBXNativeTarget "InUITests" */ = {
			isa = XCConfigurationList;
			buildConfigurations = (
				AD9A02601CAF3A1E008862AD /* Debug */,
				AD9A02611CAF3A1E008862AD /* Release */,
			);
			defaultConfigurationIsVisible = 0;
			defaultConfigurationName = Release;
		};
/* End XCConfigurationList section */
	};
	rootObject = AD9A02291CAF3A1D008862AD /* Project object */;
}
